
Microsoft Visual Studio Solution File, Format Version 12.00
# Visual Studio Version 17
VisualStudioVersion = 17.7.34024.191
MinimumVisualStudioVersion = 10.0.40219.1
Project("{FAE04EC0-301F-11D3-BF4B-00C04F79EFBC}") = "PDFProcessor", "PDFProcessor\PDFProcessor.csproj", "{0B55709C-C9B7-4187-AE80-369493A8CA93}"
EndProject
Global
	GlobalSection(SolutionConfigurationPlatforms) = preSolution
		Debug|Any CPU = Debug|Any CPU
		Release|Any CPU = Release|Any CPU
	EndGlobalSection
	GlobalSection(ProjectConfigurationPlatforms) = postSolution
		{0B55709C-C9B7-4187-AE80-369493A8CA93}.Debug|Any CPU.ActiveCfg = Debug|Any CPU
		{0B55709C-C9B7-4187-AE80-369493A8CA93}.Debug|Any CPU.Build.0 = Debug|Any CPU
		{0B55709C-C9B7-4187-AE80-369493A8CA93}.Release|Any CPU.ActiveCfg = Release|Any CPU
		{0B55709C-C9B7-4187-AE80-369493A8CA93}.Release|Any CPU.Build.0 = Release|Any CPU
	EndGlobalSection
	GlobalSection(SolutionProperties) = preSolution
		HideSolutionNode = FALSE
	EndGlobalSection
	GlobalSection(ExtensibilityGlobals) = postSolution
		SolutionGuid = {96C0C11E-98BF-4C1B-849E-C6446380445A}
	EndGlobalSection
EndGlobal
